
Microsoft Visual Studio Solution File, Format Version 12.00
# Visual Studio Version 17
VisualStudioVersion = 17.1.32328.378
MinimumVisualStudioVersion = 10.0.40219.1
Project("{FAE04EC0-301F-11D3-BF4B-00C04F79EFBC}") = "loginServer", "loginServer.csproj", "{50515D52-6ACB-49AC-98DE-127A0F617D02}"
EndProject
Global
	GlobalSection(SolutionConfigurationPlatforms) = preSolution
		Debug|Any CPU = Debug|Any CPU
		Release|Any CPU = Release|Any CPU
	EndGlobalSection
	GlobalSection(ProjectConfigurationPlatforms) = postSolution
		{50515D52-6ACB-49AC-98DE-127A0F617D02}.Debug|Any CPU.ActiveCfg = Debug|Any CPU
		{50515D52-6ACB-49AC-98DE-127A0F617D02}.Debug|Any CPU.Build.0 = Debug|Any CPU
		{50515D52-6ACB-49AC-98DE-127A0F617D02}.Release|Any CPU.ActiveCfg = Release|Any CPU
		{50515D52-6ACB-49AC-98DE-127A0F617D02}.Release|Any CPU.Build.0 = Release|Any CPU
	EndGlobalSection
	GlobalSection(SolutionProperties) = preSolution
		HideSolutionNode = FALSE
	EndGlobalSection
	GlobalSection(ExtensibilityGlobals) = postSolution
		SolutionGuid = {7C44D83F-E5C9-495C-9230-E60CE6C8A1E7}
	EndGlobalSection
EndGlobal
